
Microsoft Visual Studio Solution File, Format Version 12.00
# Visual Studio Version 17
VisualStudioVersion = 17.4.33110.190
MinimumVisualStudioVersion = 10.0.40219.1
Project("{FAE04EC0-301F-11D3-BF4B-00C04F79EFBC}") = "ReverseNumberProgram", "ReverseNumberProgram.csproj", "{6701D8D5-ED7A-40AA-82D2-FE6AE13F78AC}"
EndProject
Global
	GlobalSection(SolutionConfigurationPlatforms) = preSolution
		Debug|Any CPU = Debug|Any CPU
		Release|Any CPU = Release|Any CPU
	EndGlobalSection
	GlobalSection(ProjectConfigurationPlatforms) = postSolution
		{6701D8D5-ED7A-40AA-82D2-FE6AE13F78AC}.Debug|Any CPU.ActiveCfg = Debug|Any CPU
		{6701D8D5-ED7A-40AA-82D2-FE6AE13F78AC}.Debug|Any CPU.Build.0 = Debug|Any CPU
		{6701D8D5-ED7A-40AA-82D2-FE6AE13F78AC}.Release|Any CPU.ActiveCfg = Release|Any CPU
		{6701D8D5-ED7A-40AA-82D2-FE6AE13F78AC}.Release|Any CPU.Build.0 = Release|Any CPU
	EndGlobalSection
	GlobalSection(SolutionProperties) = preSolution
		HideSolutionNode = FALSE
	EndGlobalSection
	GlobalSection(ExtensibilityGlobals) = postSolution
		SolutionGuid = {E6D3E2B7-453B-40DD-B1E2-F23651360CFB}
	EndGlobalSection
EndGlobal
